[[package]]
name = "colorama"
version = "0.4.6"
description = "Cross-platform colored terminal text."
category = "main"
optional = false
python-versions = "!=3.0.*,!=3.1.*,!=3.2.*,!=3.3.*,!=3.4.*,!=3.5.*,!=3.6.*,>=2.7"

[[package]]
name = "cryptg"
version = "0.4.0"
description = "Cryptographic utilities for Telegram."
category = "main"
optional = false
python-versions = ">=3.7"

[[package]]
name = "loguru"
version = "0.7.0"
description = "Python logging made (stupidly) simple"
category = "main"
optional = false
python-versions = ">=3.5"

[package.dependencies]
colorama = {version = ">=0.3.4", markers = "sys_platform == \"win32\""}
win32-setctime = {version = ">=1.0.0", markers = "sys_platform == \"win32\""}

[package.extras]
dev = ["mypy (==v0.910)", "tox (==3.27.1)", "pytest (==6.1.2)", "pytest-cov (==2.12.1)", "colorama (==0.4.5)", "freezegun (==1.1.0)", "mypy (==v0.971)", "pytest-mypy-plugins (==1.9.3)", "mypy (==v0.990)", "pre-commit (==3.2.1)", "tox (==4.4.6)", "pytest (==7.2.1)", "pytest-cov (==4.0.0)", "pytest-mypy-plugins (==1.10.1)", "colorama (==0.4.6)", "freezegun (==1.2.2)", "Sphinx (==5.3.0)", "sphinx-autobuild (==2021.3.14)", "sphinx-rtd-theme (==1.2.0)"]

[[package]]
name = "markdown-it-py"
version = "2.2.0"
description = "Python port of markdown-it. Markdown parsing, done right!"
category = "main"
optional = false
python-versions = ">=3.7"

[package.dependencies]
mdurl = ">=0.1,<1.0"

[package.extras]
benchmarking = ["psutil", "pytest", "pytest-benchmark"]
code_style = ["pre-commit (>=3.0,<4.0)"]
compare = ["commonmark (>=0.9,<1.0)", "markdown (>=3.4,<4.0)", "mistletoe (>=1.0,<2.0)", "mistune (>=2.0,<3.0)", "panflute (>=2.3,<3.0)"]
linkify = ["linkify-it-py (>=1,<3)"]
plugins = ["mdit-py-plugins"]
profiling = ["gprof2dot"]
rtd = ["attrs", "myst-parser", "pyyaml", "sphinx", "sphinx-copybutton", "sphinx-design", "sphinx-book-theme"]
testing = ["coverage", "pytest", "pytest-cov", "pytest-regressions"]

[[package]]
name = "mdurl"
version = "0.1.2"
description = "Markdown URL utilities"
category = "main"
optional = false
python-versions = ">=3.7"

[[package]]
name = "pyaes"
version = "1.6.1"
description = "Pure-Python Implementation of the AES block-cipher and common modes of operation"
category = "main"
optional = false
python-versions = "*"

[[package]]
name = "pyasn1"
version = "0.5.0"
description = "Pure-Python implementation of ASN.1 types and DER/BER/CER codecs (X.208)"
category = "main"
optional = false
python-versions = "!=3.0.*,!=3.1.*,!=3.2.*,!=3.3.*,!=3.4.*,!=3.5.*,>=2.7"

[[package]]
name = "pydantic"
version = "1.10.7"
description = "Data validation and settings management using python type hints"
category = "main"
optional = false
python-versions = ">=3.7"

[package.dependencies]
typing-extensions = ">=4.2.0"

[package.extras]
dotenv = ["python-dotenv (>=0.10.4)"]
email = ["email-validator (>=1.0.3)"]

[[package]]
name = "pygments"
version = "2.15.1"
description = "Pygments is a syntax highlighting package written in Python."
category = "main"
optional = false
python-versions = ">=3.7"

[package.extras]
plugins = ["importlib-metadata"]

[[package]]
name = "pysocks"
version = "1.7.1"
description = "A Python SOCKS client module. See https://github.com/Anorov/PySocks for more information."
category = "main"
optional = false
python-versions = ">=2.7, !=3.0.*, !=3.1.*, !=3.2.*, !=3.3.*"

[[package]]
name = "rich"
version = "13.3.4"
description = "Render rich text, tables, progress bars, syntax highlighting, markdown and more to the terminal"
category = "main"
optional = false
python-versions = ">=3.7.0"

[package.dependencies]
markdown-it-py = ">=2.2.0,<3.0.0"
pygments = ">=2.13.0,<3.0.0"
typing-extensions = {version = ">=4.0.0,<5.0", markers = "python_version < \"3.9\""}

[package.extras]
jupyter = ["ipywidgets (>=7.5.1,<9)"]

[[package]]
name = "rsa"
version = "4.9"
description = "Pure-Python RSA implementation"
category = "main"
optional = false
python-versions = ">=3.6,<4"

[package.dependencies]
pyasn1 = ">=0.1.3"

[[package]]
name = "Telethon"
version = "1.28.5"
description = "Full-featured Telegram client library for Python 3"
category = "main"
optional = false
python-versions = ">=3.5"
develop = false

[package.dependencies]
pyaes = "*"
rsa = "*"

[package.extras]
cryptg = ["cryptg"]

[package.source]
type = "git"
url = "https://github.com/LonamiWebs/Telethon.git"
reference = "v1"
resolved_reference = "9aad453e1ad219dc3942646c741c4a02ca8ce8ea"

[[package]]
name = "typing-extensions"
version = "4.5.0"
description = "Backported and Experimental Type Hints for Python 3.7+"
category = "main"
optional = false
python-versions = ">=3.7"

[[package]]
name = "win32-setctime"
version = "1.1.0"
description = "A small Python utility to set file creation time on Windows"
category = "main"
optional = false
python-versions = ">=3.5"

[package.extras]
dev = ["pytest (>=4.6.2)", "black (>=19.3b0)"]

[metadata]
lock-version = "1.1"
python-versions = "^3.8"
content-hash = "78842a58f390e2816750f11f9f349bea6bb9a60f75f26deffaf332d7a15c9a10"

[metadata.files]
colorama = [
    {file = "colorama-0.4.6-py2.py3-none-any.whl", hash = "sha256:4f1d9991f5acc0ca119f9d443620b77f9d6b33703e51011c16baf57afb285fc6"},
    {file = "colorama-0.4.6.tar.gz", hash = "sha256:08695f5cb7ed6e0531a20572697297273c47b8cae5a63ffc6d6ed5c201be6e44"},
]
cryptg = [
    {file = "cryptg-0.4.0-cp310-cp310-macosx_10_9_x86_64.whl", hash = "sha256:59a6c881535bd3ff406855122484daf46a3f7b105a3c9e0cde294ff72e68f4e8"},
    {file = "cryptg-0.4.0-cp310-cp310-macosx_11_0_arm64.whl", hash = "sha256:7a045a8af59814a50787cce9965743fa67e6c4b948305139aa3c216ecfb45b7f"},
    {file = "cryptg-0.4.0-cp310-cp310-manylinux_2_17_aarch64.manylinux2014_aarch64.whl", hash = "sha256:cabdd52e7f3e24a800b4769d9e4b9da45aeb7065b986c16fc946e6798ed09525"},
    {file = "cryptg-0.4.0-cp310-cp310-manylinux_2_17_x86_64.manylinux2014_x86_64.whl", hash = "sha256:67d408d335f99dd850f69fb2aed99e6469e6e046d5d4b870271bc932d7f102d4"},
    {file = "cryptg-0.4.0-cp310-cp310-manylinux_2_5_i686.manylinux1_i686.manylinux_2_17_i686.manylinux2014_i686.whl", hash = "sha256:3cbf215e88f07656ac96bb59efa04d27134be85788e14d4f3898ee0b2a7f7d70"},
    {file = "cryptg-0.4.0-cp310-cp310-win32.whl", hash = "sha256:9f2f63aa12965e99824a05147b4cef26c4988630181f8e55f13050d7ac86bbc5"},
    {file = "cryptg-0.4.0-cp310-cp310-win_amd64.whl", hash = "sha256:adcf175908a93557ef2e53ffba62706ae4afb8bb3489cecc6672c7c9d99585ef"},
    {file = "cryptg-0.4.0-cp311-cp311-macosx_10_9_x86_64.whl", hash = "sha256:88df8cd6f2222570f34ee054a7a92d3c44816acc689bbbebe9a95f94f328c1a3"},
    {file = "cryptg-0.4.0-cp311-cp311-macosx_11_0_arm64.whl", hash = "sha256:ad2c2a615dbd64b35f42ceca7f1f3ccc7c3f1275d833ae7eac3e4672678a8e96"},
    {file = "cryptg-0.4.0-cp311-cp311-manylinux_2_17_aarch64.manylinux2014_aarch64.whl", hash = "sha256:3a0fbaf9de1166ace65a3c589ef9db5b42d88728ae5f6b3ebe6f42846efc72d7"},
    {file = "cryptg-0.4.0-cp311-cp311-manylinux_2_17_x86_64.manylinux2014_x86_64.whl", hash = "sha256:96f4415910dec41671a422d7fc29cef434b62e8c84908bf8e585a9dac66caa71"},
    {file = "cryptg-0.4.0-cp311-cp311-manylinux_2_5_i686.manylinux1_i686.manylinux_2_17_i686.manylinux2014_i686.whl", hash = "sha256:16d33f8213f480e895eab0bad6faaedd8d54da51b066373ccd5840a7a951dd37"},
    {file = "cryptg-0.4.0-cp311-cp311-win32.whl", hash = "sha256:72875d7129cdb7f9a4be68854c77cb569857d736f0cbc7753cadc577f13360bd"},
    {file = "cryptg-0.4.0-cp311-cp311-win_amd64.whl", hash = "sha256:47a249a242497ba0fffe87067e0d5ef99b21c4081fe490a08c596b6184dda2dd"},
    {file = "cryptg-0.4.0-cp37-cp37m-macosx_10_9_x86_64.whl", hash = "sha256:70c93ffc05f3b9e47aa30d6606e527da07532c0b6f78b6d23482fecd44881f57"},
    {file = "cryptg-0.4.0-cp37-cp37m-manylinux_2_17_aarch64.manylinux2014_aarch64.whl", hash = "sha256:64f42587a71a9142f1abfe412ce677035abd9604e0333e5d1d188443349e327d"},
    {file = "cryptg-0.4.0-cp37-cp37m-manylinux_2_17_x86_64.manylinux2014_x86_64.whl", hash = "sha256:719810a1cf0b8f8ba159943e95010ac66f9777cc3b72b49098817e260aa0753b"},
    {file = "cryptg-0.4.0-cp37-cp37m-manylinux_2_5_i686.manylinux1_i686.manylinux_2_17_i686.manylinux2014_i686.whl", hash = "sha256:80acd4051fd122d3d921e0119d6225a7a40c648e690c451037cbe0ced654bb49"},
    {file = "cryptg-0.4.0-cp37-cp37m-win32.whl", hash = "sha256:67d1dcf3f215acb22f5a73f9ffca9c0821e06e37f75652dcae7ca2327639ab1b"},
    {file = "cryptg-0.4.0-cp37-cp37m-win_amd64.whl", hash = "sha256:152801d5738af4c99751ae22ec086862f949dc763a0874c9d35cf19ad07321cd"},
    {file = "cryptg-0.4.0-cp38-cp38-macosx_10_9_x86_64.whl", hash = "sha256:fac561c738a567a3fcce2a1ed5365ebd3268670454e051898e802972f50b700a"},
    {file = "cryptg-0.4.0-cp38-cp38-macosx_11_0_arm64.whl", hash = "sha256:de2879166cc9fa86f166f6c17bad40af4ab7ded69aeed1e644d92f0a16112a2d"},
    {file = "cryptg-0.4.0-cp38-cp38-manylinux_2_17_aarch64.manylinux2014_aarch64.whl", hash = "sha256:cde6bf5d351498ef1dc6bbcf5b0285ccb2282ca7d85bffc9d3c39af08494dfe1"},
    {file = "cryptg-0.4.0-cp38-cp38-manylinux_2_17_x86_64.manylinux2014_x86_64.whl", hash = "sha256:c5f9f4a565699719b39fdff349fe76c748f9f2d1af5a8c11beea93bcadd802e7"},
    {file = "cryptg-0.4.0-cp38-cp38-manylinux_2_5_i686.manylinux1_i686.manylinux_2_17_i686.manylinux2014_i686.whl", hash = "sha256:7bf7511eb36f1a25acec916f0a3c8039422fb8b915a13122c82986382b2c9431"},
    {file = "cryptg-0.4.0-cp38-cp38-win32.whl", hash = "sha256:3a8cbf459d49fe461e09375c5383bf74b6f4d2c7df9328d068beaff2289a3232"},
    {file = "cryptg-0.4.0-cp38-cp38-win_amd64.whl", hash = "sha256:f0c8e18d8aac544f3c525fbeb011fdbb05fc6cf6a33fe953132de5b2d8a1199d"},
    {file = "cryptg-0.4.0-cp39-cp39-macosx_10_9_x86_64.whl", hash = "sha256:c781f20b30a0831c9d1e7cc55526f854c57ece147a2ccc9d290c7e230cd6c7a1"},
    {file = "cryptg-0.4.0-cp39-cp39-macosx_11_0_arm64.whl", hash = "sha256:4c1ca745b5e90513a7a58d1dc982d6fd96e3a3e23065c0147c2ed192aa2e1e88"},
    {file = "cryptg-0.4.0-cp39-cp39-manylinux_2_17_aarch64.manylinux2014_aarch64.whl", hash = "sha256:8eaeeb065b7a2ef8d5e8006e64821dae73890e9fba95749804babfefcc7e29b7"},
    {file = "cryptg-0.4.0-cp39-cp39-manylinux_2_17_x86_64.manylinux2014_x86_64.whl", hash = "sha256:05df4812d592410c3e738207368cc6ee3d757401f979eb76281343e1f28f4b8a"},
    {file = "cryptg-0.4.0-cp39-cp39-manylinux_2_5_i686.manylinux1_i686.manylinux_2_17_i686.manylinux2014_i686.whl", hash = "sha256:932e131a73bc1bd01457c8eaecb04b91f714051d0ba549f5301e4545d294628a"},
    {file = "cryptg-0.4.0-cp39-cp39-win32.whl", hash = "sha256:717c65ca5c753d89b111938329379df59ffd43b80678c07e4338ff46be554a72"},
    {file = "cryptg-0.4.0-cp39-cp39-win_amd64.whl", hash = "sha256:64f205d02fbadfe5415e3050388727c9de65eaea20948d8fd444b73a391f54fa"},
    {file = "cryptg-0.4.0-pp37-pypy37_pp73-macosx_10_9_x86_64.whl", hash = "sha256:39e89cca35430569d79db118da9112efc7d4834b5bb5db1d1674afaca6d78e8f"},
    {file = "cryptg-0.4.0-pp37-pypy37_pp73-manylinux_2_17_aarch64.manylinux2014_aarch64.whl", hash = "sha256:edb0e7dd994d6547e24fdec41facd373fbe31f9551edc3258da17a82838a6442"},
    {file = "cryptg-0.4.0-pp37-pypy37_pp73-manylinux_2_17_x86_64.manylinux2014_x86_64.whl", hash = "sha256:8c7a5052c81e27cb13e4d4354caf3619d27bea8cf2da2dcad2a1e225119054a7"},
    {file = "cryptg-0.4.0-pp37-pypy37_pp73-manylinux_2_5_i686.manylinux1_i686.manylinux_2_17_i686.manylinux2014_i686.whl", hash = "sha256:a05e20b992b46413204df78349c70a41753ee98d487e8e681f060f87bf813c51"},
    {file = "cryptg-0.4.0-pp37-pypy37_pp73-win_amd64.whl", hash = "sha256:52e05ccaafed67d827690303e745facd7a16576d7e06bf3a83d2d94349c16b97"},
    {file = "cryptg-0.4.0-pp38-pypy38_pp73-macosx_10_9_x86_64.whl", hash = "sha256:7c4c34377bbf69b1124953c38a14fc18e28e7871006ae7d0686a2d84b600ef83"},
    {file = "cryptg-0.4.0-pp38-pypy38_pp73-manylinux_2_17_aarch64.manylinux2014_aarch64.whl", hash = "sha256:8514d9300bc846825391bfebf7148d163456a882ecf32d2cd7347c5234745927"},
    {file = "cryptg-0.4.0-pp38-pypy38_pp73-manylinux_2_17_x86_64.manylinux2014_x86_64.whl", hash = "sha256:94573f1eeec18871c54b866eed942f85011f093eac7dd0ed387e18f3e2ae4568"},
    {file = "cryptg-0.4.0-pp38-pypy38_pp73-manylinux_2_5_i686.manylinux1_i686.manylinux_2_17_i686.manylinux2014_i686.whl", hash = "sha256:c60cf65e9cb0fcdf67353b003b8459e06a987933f957d47f578492527be522e5"},
    {file = "cryptg-0.4.0-pp38-pypy38_pp73-win_amd64.whl", hash = "sha256:4d5f4021285ec0784019a1d52e435af2f1ecfd3f05a44681410efc84f1e413b4"},
    {file = "cryptg-0.4.0-pp39-pypy39_pp73-macosx_10_9_x86_64.whl", hash = "sha256:2a40dc8167d7a00d8ebc08784e022dcfa8919d0540c0956cf6a3b067a0233314"},
    {file = "cryptg-0.4.0-pp39-pypy39_pp73-manylinux_2_17_aarch64.manylinux2014_aarch64.whl", hash = "sha256:3940c533af77128ea56fa7420ee652f1d061d0de09dd8a38ac493228bf170b64"},
    {file = "cryptg-0.4.0-pp39-pypy39_pp73-manylinux_2_17_x86_64.manylinux2014_x86_64.whl", hash = "sha256:fa16e8691d83d5c665e4bdf82a2a66257fecc5d32b60d888c95a7f5caa154d0d"},
    {file = "cryptg-0.4.0-pp39-pypy39_pp73-manylinux_2_5_i686.manylinux1_i686.manylinux_2_17_i686.manylinux2014_i686.whl", hash = "sha256:0f3200c8c783c11198373a1e614654df88617b4ca260700e155d7be8c3144e7b"},
    {file = "cryptg-0.4.0-pp39-pypy39_pp73-win_amd64.whl", hash = "sha256:19b61547eead81a3a8aca68e30673d439fc577dedd068d86d970da923035471d"},
    {file = "cryptg-0.4.0.tar.gz", hash = "sha256:38f918c685c305569d7cee3795a932e28f61e633eeac452032a76f242ae7eb69"},
]
loguru = [
    {file = "loguru-0.7.0-py3-none-any.whl", hash = "sha256:b93aa30099fa6860d4727f1b81f8718e965bb96253fa190fab2077aaad6d15d3"},
    {file = "loguru-0.7.0.tar.gz", hash = "sha256:1612053ced6ae84d7959dd7d5e431a0532642237ec21f7fd83ac73fe539e03e1"},
]
markdown-it-py = [
    {file = "markdown-it-py-2.2.0.tar.gz", hash = "sha256:7c9a5e412688bc771c67432cbfebcdd686c93ce6484913dccf06cb5a0bea35a1"},
    {file = "markdown_it_py-2.2.0-py3-none-any.whl", hash = "sha256:5a35f8d1870171d9acc47b99612dc146129b631baf04970128b568f190d0cc30"},
]
mdurl = [
    {file = "mdurl-0.1.2-py3-none-any.whl", hash = "sha256:84008a41e51615a49fc9966191ff91509e3c40b939176e643fd50a5c2196b8f8"},
    {file = "mdurl-0.1.2.tar.gz", hash = "sha256:bb413d29f5eea38f31dd4754dd7377d4465116fb207585f97bf925588687c1ba"},
]
pyaes = [
    {file = "pyaes-1.6.1.tar.gz", hash = "sha256:02c1b1405c38d3c370b085fb952dd8bea3fadcee6411ad99f312cc129c536d8f"},
]
pyasn1 = [
    {file = "pyasn1-0.5.0-py2.py3-none-any.whl", hash = "sha256:87a2121042a1ac9358cabcaf1d07680ff97ee6404333bacca15f76aa8ad01a57"},
    {file = "pyasn1-0.5.0.tar.gz", hash = "sha256:97b7290ca68e62a832558ec3976f15cbf911bf5d7c7039d8b861c2a0ece69fde"},
]
pydantic = [
    {file = "pydantic-1.10.7-cp310-cp310-macosx_10_9_x86_64.whl", hash = "sha256:e79e999e539872e903767c417c897e729e015872040e56b96e67968c3b918b2d"},
    {file = "pydantic-1.10.7-cp310-cp310-macosx_11_0_arm64.whl", hash = "sha256:01aea3a42c13f2602b7ecbbea484a98169fb568ebd9e247593ea05f01b884b2e"},
    {file = "pydantic-1.10.7-cp310-cp310-manylinux_2_17_x86_64.manylinux2014_x86_64.whl", hash = "sha256:516f1ed9bc2406a0467dd777afc636c7091d71f214d5e413d64fef45174cfc7a"},
    {file = "pydantic-1.10.7-cp310-cp310-manylinux_2_5_i686.manylinux1_i686.manylinux_2_17_i686.manylinux2014_i686.whl", hash = "sha256:ae150a63564929c675d7f2303008d88426a0add46efd76c3fc797cd71cb1b46f"},
    {file = "pydantic-1.10.7-cp310-cp310-musllinux_1_1_i686.whl", hash = "sha256:ecbbc51391248116c0a055899e6c3e7ffbb11fb5e2a4cd6f2d0b93272118a209"},
    {file = "pydantic-1.10.7-cp310-cp310-musllinux_1_1_x86_64.whl", hash = "sha256:f4a2b50e2b03d5776e7f21af73e2070e1b5c0d0df255a827e7c632962f8315af"},
    {file = "pydantic-1.10.7-cp310-cp310-win_amd64.whl", hash = "sha256:a7cd2251439988b413cb0a985c4ed82b6c6aac382dbaff53ae03c4b23a70e80a"},
    {file = "pydantic-1.10.7-cp311-cp311-macosx_10_9_x86_64.whl", hash = "sha256:68792151e174a4aa9e9fc1b4e653e65a354a2fa0fed169f7b3d09902ad2cb6f1"},
    {file = "pydantic-1.10.7-cp311-cp311-macosx_11_0_arm64.whl", hash = "sha256:dfe2507b8ef209da71b6fb5f4e597b50c5a34b78d7e857c4f8f3115effaef5fe"},
    {file = "pydantic-1.10.7-cp311-cp311-manylinux_2_17_x86_64.manylinux2014_x86_64.whl", hash = "sha256:10a86d8c8db68086f1e30a530f7d5f83eb0685e632e411dbbcf2d5c0150e8dcd"},
    {file = "pydantic-1.10.7-cp311-cp311-manylinux_2_5_i686.manylinux1_i686.manylinux_2_17_i686.manylinux2014_i686.whl", hash = "sha256:d75ae19d2a3dbb146b6f324031c24f8a3f52ff5d6a9f22f0683694b3afcb16fb"},
    {file = "pydantic-1.10.7-cp311-cp311-musllinux_1_1_i686.whl", hash = "sha256:464855a7ff7f2cc2cf537ecc421291b9132aa9c79aef44e917ad711b4a93163b"},
    {file = "pydantic-1.10.7-cp311-cp311-musllinux_1_1_x86_64.whl", hash = "sha256:193924c563fae6ddcb71d3f06fa153866423ac1b793a47936656e806b64e24ca"},
    {file = "pydantic-1.10.7-cp311-cp311-win_amd64.whl", hash = "sha256:b4a849d10f211389502059c33332e91327bc154acc1845f375a99eca3afa802d"},
    {file = "pydantic-1.10.7-cp37-cp37m-macosx_10_9_x86_64.whl", hash = "sha256:cc1dde4e50a5fc1336ee0581c1612215bc64ed6d28d2c7c6f25d2fe3e7c3e918"},
    {file = "pydantic-1.10.7-cp37-cp37m-manylinux_2_17_x86_64.manylinux2014_x86_64.whl", hash = "sha256:e0cfe895a504c060e5d36b287ee696e2fdad02d89e0d895f83037245218a87fe"},
    {file = "pydantic-1.10.7-cp37-cp37m-manylinux_2_5_i686.manylinux1_i686.manylinux_2_17_i686.manylinux2014_i686.whl", hash = "sha256:670bb4683ad1e48b0ecb06f0cfe2178dcf74ff27921cdf1606e527d2617a81ee"},
    {file = "pydantic-1.10.7-cp37-cp37m-musllinux_1_1_i686.whl", hash = "sha256:950ce33857841f9a337ce07ddf46bc84e1c4946d2a3bba18f8280297157a3fd1"},
    {file = "pydantic-1.10.7-cp37-cp37m-musllinux_1_1_x86_64.whl", hash = "sha256:c15582f9055fbc1bfe50266a19771bbbef33dd28c45e78afbe1996fd70966c2a"},
    {file = "pydantic-1.10.7-cp37-cp37m-win_amd64.whl", hash = "sha256:82dffb306dd20bd5268fd6379bc4bfe75242a9c2b79fec58e1041fbbdb1f7914"},
    {file = "pydantic-1.10.7-cp38-cp38-macosx_10_9_x86_64.whl", hash = "sha256:8c7f51861d73e8b9ddcb9916ae7ac39fb52761d9ea0df41128e81e2ba42886cd"},
    {file = "pydantic-1.10.7-cp38-cp38-macosx_11_0_arm64.whl", hash = "sha256:6434b49c0b03a51021ade5c4daa7d70c98f7a79e95b551201fff682fc1661245"},
    {file = "pydantic-1.10.7-cp38-cp38-manylinux_2_17_x86_64.manylinux2014_x86_64.whl", hash = "sha256:64d34ab766fa056df49013bb6e79921a0265204c071984e75a09cbceacbbdd5d"},
    {file = "pydantic-1.10.7-cp38-cp38-manylinux_2_5_i686.manylinux1_i686.manylinux_2_17_i686.manylinux2014_i686.whl", hash = "sha256:701daea9ffe9d26f97b52f1d157e0d4121644f0fcf80b443248434958fd03dc3"},
    {file = "pydantic-1.10.7-cp38-cp38-musllinux_1_1_i686.whl", hash = "sha256:cf135c46099ff3f919d2150a948ce94b9ce545598ef2c6c7bf55dca98a304b52"},
    {file = "pydantic-1.10.7-cp38-cp38-musllinux_1_1_x86_64.whl", hash = "sha256:b0f85904f73161817b80781cc150f8b906d521fa11e3cdabae19a581c3606209"},
    {file = "pydantic-1.10.7-cp38-cp38-win_amd64.whl", hash = "sha256:9f6f0fd68d73257ad6685419478c5aece46432f4bdd8d32c7345f1986496171e"},
    {file = "pydantic-1.10.7-cp39-cp39-macosx_10_9_x86_64.whl", hash = "sha256:c230c0d8a322276d6e7b88c3f7ce885f9ed16e0910354510e0bae84d54991143"},
    {file = "pydantic-1.10.7-cp39-cp39-macosx_11_0_arm64.whl", hash = "sha256:976cae77ba6a49d80f461fd8bba183ff7ba79f44aa5cfa82f1346b5626542f8e"},
    {file = "pydantic-1.10.7-cp39-cp39-manylinux_2_17_x86_64.manylinux2014_x86_64.whl", hash = "sha256:7d45fc99d64af9aaf7e308054a0067fdcd87ffe974f2442312372dfa66e1001d"},
    {file = "pydantic-1.10.7-cp39-cp39-manylinux_2_5_i686.manylinux1_i686.manylinux_2_17_i686.manylinux2014_i686.whl", hash = "sha256:d2a5ebb48958754d386195fe9e9c5106f11275867051bf017a8059410e9abf1f"},
    {file = "pydantic-1.10.7-cp39-cp39-musllinux_1_1_i686.whl", hash = "sha256:abfb7d4a7cd5cc4e1d1887c43503a7c5dd608eadf8bc615413fc498d3e4645cd"},
    {file = "pydantic-1.10.7-cp39-cp39-musllinux_1_1_x86_64.whl", hash = "sha256:80b1fab4deb08a8292d15e43a6edccdffa5377a36a4597bb545b93e79c5ff0a5"},
    {file = "pydantic-1.10.7-cp39-cp39-win_amd64.whl", hash = "sha256:d71e69699498b020ea198468e2480a2f1e7433e32a3a99760058c6520e2bea7e"},
    {file = "pydantic-1.10.7-py3-none-any.whl", hash = "sha256:0cd181f1d0b1d00e2b705f1bf1ac7799a2d938cce3376b8007df62b29be3c2c6"},
    {file = "pydantic-1.10.7.tar.gz", hash = "sha256:cfc83c0678b6ba51b0532bea66860617c4cd4251ecf76e9846fa5a9f3454e97e"},
]
pygments = [
    {file = "Pygments-2.15.1-py3-none-any.whl", hash = "sha256:db2db3deb4b4179f399a09054b023b6a586b76499d36965813c71aa8ed7b5fd1"},
    {file = "Pygments-2.15.1.tar.gz", hash = "sha256:8ace4d3c1dd481894b2005f560ead0f9f19ee64fe983366be1a21e171d12775c"},
]
pysocks = [
    {file = "PySocks-1.7.1-py27-none-any.whl", hash = "sha256:08e69f092cc6dbe92a0fdd16eeb9b9ffbc13cadfe5ca4c7bd92ffb078b293299"},
    {file = "PySocks-1.7.1-py3-none-any.whl", hash = "sha256:2725bd0a9925919b9b51739eea5f9e2bae91e83288108a9ad338b2e3a4435ee5"},
    {file = "PySocks-1.7.1.tar.gz", hash = "sha256:3f8804571ebe159c380ac6de37643bb4685970655d3bba243530d6558b799aa0"},
]
rich = [
    {file = "rich-13.3.4-py3-none-any.whl", hash = "sha256:22b74cae0278fd5086ff44144d3813be1cedc9115bdfabbfefd86400cb88b20a"},
    {file = "rich-13.3.4.tar.gz", hash = "sha256:b5d573e13605423ec80bdd0cd5f8541f7844a0e71a13f74cf454ccb2f490708b"},
]
rsa = [
    {file = "rsa-4.9-py3-none-any.whl", hash = "sha256:90260d9058e514786967344d0ef75fa8727eed8a7d2e43ce9f4bcf1b536174f7"},
    {file = "rsa-4.9.tar.gz", hash = "sha256:e38464a49c6c85d7f1351b0126661487a7e0a14a50f1675ec50eb34d4f20ef21"},
]
Telethon = []
typing-extensions = [
    {file = "typing_extensions-4.5.0-py3-none-any.whl", hash = "sha256:fb33085c39dd998ac16d1431ebc293a8b3eedd00fd4a32de0ff79002c19511b4"},
    {file = "typing_extensions-4.5.0.tar.gz", hash = "sha256:5cb5f4a79139d699607b3ef622a1dedafa84e115ab0024e0d9c044a9479ca7cb"},
]
win32-setctime = [
    {file = "win32_setctime-1.1.0-py3-none-any.whl", hash = "sha256:231db239e959c2fe7eb1d7dc129f11172354f98361c4fa2d6d2d7e278baa8aad"},
    {file = "win32_setctime-1.1.0.tar.gz", hash = "sha256:15cf5750465118d6929ae4de4eb46e8edae9a5634350c01ba582df868e932cb2"},
]
